{
  "nodes": {
    "beautysh": {
      "inputs": {
        "nixpkgs": [
          "nixvim",
          "nixpkgs"
        ],
        "poetry2nix": "poetry2nix",
        "utils": "utils"
      },
      "locked": {
        "lastModified": 1680308980,
        "narHash": "sha256-aUEHV0jk2qIFP3jlsWYWhBbm+w/N9gzH3e4I5DcdB5s=",
        "owner": "lovesegfault",
        "repo": "beautysh",
        "rev": "9845efc3ea3e86cc0d41465d720a47f521b2799c",
        "type": "github"
      },
      "original": {
        "owner": "lovesegfault",
        "repo": "beautysh",
        "type": "github"
      }
    },
    "darwin": {
      "inputs": {
        "nixpkgs": [
          "nixpkgs"
        ]
      },
      "locked": {
        "lastModified": 1713946171,
        "narHash": "sha256-lc75rgRQLdp4Dzogv5cfqOg6qYc5Rp83oedF2t0kDp8=",
        "owner": "lnl7",
        "repo": "nix-darwin",
        "rev": "230a197063de9287128e2c68a7a4b0cd7d0b50a7",
        "type": "github"
      },
      "original": {
        "owner": "lnl7",
        "ref": "master",
        "repo": "nix-darwin",
        "type": "github"
      }
    },
    "flake-compat": {
      "flake": false,
      "locked": {
        "lastModified": 1696426674,
        "narHash": "sha256-kvjfFW7WAETZlt09AgDn1MrtKzP7t90Vf7vypd3OL1U=",
        "owner": "edolstra",
        "repo": "flake-compat",
        "rev": "0f9255e01c2351cc7d116c072cb317785dd33b33",
        "type": "github"
      },
      "original": {
        "owner": "edolstra",
        "repo": "flake-compat",
        "type": "github"
      }
    },
    "flake-utils": {
      "inputs": {
        "systems": "systems"
      },
      "locked": {
        "lastModified": 1710146030,
        "narHash": "sha256-SZ5L6eA7HJ/nmkzGG7/ISclqe6oZdOZTNoesiInkXPQ=",
        "owner": "numtide",
        "repo": "flake-utils",
        "rev": "b1d9ab70662946ef0850d488da1c9019f3a9752a",
        "type": "github"
      },
      "original": {
        "owner": "numtide",
        "repo": "flake-utils",
        "type": "github"
      }
    },
    "flake-utils_2": {
      "inputs": {
        "systems": "systems_2"
      },
      "locked": {
        "lastModified": 1710146030,
        "narHash": "sha256-SZ5L6eA7HJ/nmkzGG7/ISclqe6oZdOZTNoesiInkXPQ=",
        "owner": "numtide",
        "repo": "flake-utils",
        "rev": "b1d9ab70662946ef0850d488da1c9019f3a9752a",
        "type": "github"
      },
      "original": {
        "owner": "numtide",
        "repo": "flake-utils",
        "type": "github"
      }
    },
    "gitignore": {
      "inputs": {
        "nixpkgs": [
          "nixvim",
          "pre-commit-hooks",
          "nixpkgs"
        ]
      },
      "locked": {
        "lastModified": 1709087332,
        "narHash": "sha256-HG2cCnktfHsKV0s4XW83gU3F57gaTljL9KNSuG6bnQs=",
        "owner": "hercules-ci",
        "repo": "gitignore.nix",
        "rev": "637db329424fd7e46cf4185293b9cc8c88c95394",
        "type": "github"
      },
      "original": {
        "owner": "hercules-ci",
        "repo": "gitignore.nix",
        "type": "github"
      }
    },
    "home-manager": {
      "inputs": {
        "nixpkgs": [
          "nixpkgs"
        ]
      },
      "locked": {
        "lastModified": 1713166947,
        "narHash": "sha256-Vk+eyK7EcvoXf6IxEuaKVmme2ui6W/mketcrZxfFmGg=",
        "owner": "nix-community",
        "repo": "home-manager",
        "rev": "6779167a739240778d34024b89ecf6404fb28f9e",
        "type": "github"
      },
      "original": {
        "owner": "nix-community",
        "ref": "release-23.05",
        "repo": "home-manager",
        "type": "github"
      }
    },
    "nixos-hardware": {
      "locked": {
        "lastModified": 1714746424,
        "narHash": "sha256-Jdyw7VcM+jQ0uSXgjFj8UdXZ229yOvPNlYkKyKyHA4s=",
        "owner": "NixOS",
        "repo": "nixos-hardware",
        "rev": "3f017311191fe6d501ca2496a835d012f656ee9c",
        "type": "github"
      },
      "original": {
        "owner": "NixOS",
        "ref": "master",
        "repo": "nixos-hardware",
        "type": "github"
      }
    },
    "nixpkgs": {
      "locked": {
        "lastModified": 1701282334,
        "narHash": "sha256-MxCVrXY6v4QmfTwIysjjaX0XUhqBbxTWWB4HXtDYsdk=",
        "owner": "nixos",
        "repo": "nixpkgs",
        "rev": "057f9aecfb71c4437d2b27d3323df7f93c010b7e",
        "type": "github"
      },
      "original": {
        "owner": "nixos",
        "ref": "23.11",
        "repo": "nixpkgs",
        "type": "github"
      }
    },
    "nixpkgs-stable": {
      "locked": {
        "lastModified": 1714685007,
        "narHash": "sha256-Q4ddhb5eC5pwci0QhAapFwnsc8X8H9ZMQiWpsofBsDc=",
        "owner": "NixOS",
        "repo": "nixpkgs",
        "rev": "383ffe076d9b633a2e97b6e4dd97fc15fcf30159",
        "type": "github"
      },
      "original": {
        "owner": "NixOS",
        "ref": "nixos-23.11",
        "repo": "nixpkgs",
        "type": "github"
      }
    },
    "nixpkgs-unstable": {
      "locked": {
        "lastModified": 1714809261,
        "narHash": "sha256-hfBmnYFyz9I1mdrC3tX1A+dF9cOUcds5PIMPxrT+cRk=",
        "owner": "nixos",
        "repo": "nixpkgs",
        "rev": "d32560238207b8e26d88b265207b216ee46b8450",
        "type": "github"
      },
      "original": {
        "owner": "nixos",
        "ref": "nixpkgs-unstable",
        "repo": "nixpkgs",
        "type": "github"
      }
    },
    "nixpkgs_2": {
      "locked": {
        "lastModified": 1714685007,
        "narHash": "sha256-Q4ddhb5eC5pwci0QhAapFwnsc8X8H9ZMQiWpsofBsDc=",
        "owner": "NixOS",
        "repo": "nixpkgs",
        "rev": "383ffe076d9b633a2e97b6e4dd97fc15fcf30159",
        "type": "github"
      },
      "original": {
        "owner": "NixOS",
        "ref": "nixos-23.11",
        "repo": "nixpkgs",
        "type": "github"
      }
    },
    "nixvim": {
      "inputs": {
        "beautysh": "beautysh",
        "flake-utils": "flake-utils",
        "nixpkgs": "nixpkgs_2",
        "pre-commit-hooks": "pre-commit-hooks"
      },
      "locked": {
        "lastModified": 1713951100,
        "narHash": "sha256-ObeER1qB/i06lk7jQqVp9DdTKnykNaojOVoX9GcCoRc=",
        "owner": "nix-community",
        "repo": "nixvim",
        "rev": "7c59615585f691b560d9522c94d8f3195853ca8e",
        "type": "github"
      },
      "original": {
        "owner": "nix-community",
        "ref": "nixos-23.11",
        "repo": "nixvim",
        "type": "github"
      }
    },
    "poetry2nix": {
      "inputs": {
        "flake-utils": [
          "nixvim",
          "beautysh",
          "utils"
        ],
        "nixpkgs": [
          "nixvim",
          "beautysh",
          "nixpkgs"
        ]
      },
      "locked": {
        "lastModified": 1658665240,
        "narHash": "sha256-/wkx7D7enyBPRjIkK0w7QxLQhzEkb3UxNQnjyc3FTUI=",
        "owner": "nix-community",
        "repo": "poetry2nix",
        "rev": "8b8edc85d24661d5a6d0d71d6a7011f3e699780f",
        "type": "github"
      },
      "original": {
        "owner": "nix-community",
        "repo": "poetry2nix",
        "type": "github"
      }
    },
    "pre-commit-hooks": {
      "inputs": {
        "flake-compat": "flake-compat",
        "flake-utils": "flake-utils_2",
        "gitignore": "gitignore",
        "nixpkgs": [
          "nixvim",
          "nixpkgs"
        ],
        "nixpkgs-stable": "nixpkgs-stable"
      },
      "locked": {
        "lastModified": 1714478972,
        "narHash": "sha256-q//cgb52vv81uOuwz1LaXElp3XAe1TqrABXODAEF6Sk=",
        "owner": "cachix",
        "repo": "pre-commit-hooks.nix",
        "rev": "2849da033884f54822af194400f8dff435ada242",
        "type": "github"
      },
      "original": {
        "owner": "cachix",
        "repo": "pre-commit-hooks.nix",
        "type": "github"
      }
    },
    "root": {
      "inputs": {
        "darwin": "darwin",
        "home-manager": "home-manager",
        "nixos-hardware": "nixos-hardware",
        "nixpkgs": "nixpkgs",
        "nixpkgs-unstable": "nixpkgs-unstable",
        "nixvim": "nixvim"
      }
    },
    "systems": {
      "locked": {
        "lastModified": 1681028828,
        "narHash": "sha256-Vy1rq5AaRuLzOxct8nz4T6wlgyUR7zLU309k9mBC768=",
        "owner": "nix-systems",
        "repo": "default",
        "rev": "da67096a3b9bf56a91d16901293e51ba5b49a27e",
        "type": "github"
      },
      "original": {
        "owner": "nix-systems",
        "repo": "default",
        "type": "github"
      }
    },
    "systems_2": {
      "locked": {
        "lastModified": 1681028828,
        "narHash": "sha256-Vy1rq5AaRuLzOxct8nz4T6wlgyUR7zLU309k9mBC768=",
        "owner": "nix-systems",
        "repo": "default",
        "rev": "da67096a3b9bf56a91d16901293e51ba5b49a27e",
        "type": "github"
      },
      "original": {
        "owner": "nix-systems",
        "repo": "default",
        "type": "github"
      }
    },
    "utils": {
      "locked": {
        "lastModified": 1678901627,
        "narHash": "sha256-U02riOqrKKzwjsxc/400XnElV+UtPUQWpANPlyazjH0=",
        "owner": "numtide",
        "repo": "flake-utils",
        "rev": "93a2b84fc4b70d9e089d029deacc3583435c2ed6",
        "type": "github"
      },
      "original": {
        "owner": "numtide",
        "repo": "flake-utils",
        "type": "github"
      }
    }
  },
  "root": "root",
  "version": 7
}
